
Microsoft Visual Studio Solution File, Format Version 12.00
# Visual Studio Version 17
VisualStudioVersion = 17.5.002.0
MinimumVisualStudioVersion = 10.0.40219.1
Project("{9A19103F-16F7-4668-BE54-9A1E7A4F7556}") = "Backend", "Application\Backend.csproj", "{EF36E8B0-CAA6-44D3-B543-082AF2F8246D}"
EndProject
Project("{FAE04EC0-301F-11D3-BF4B-00C04F79EFBC}") = "UnitTests", "UnitTests\UnitTests.csproj", "{F9D4CA54-A6CC-4C0E-A064-FD3C5D2A17AF}"
EndProject
Global
	GlobalSection(SolutionConfigurationPlatforms) = preSolution
		Debug|Any CPU = Debug|Any CPU
		Release|Any CPU = Release|Any CPU
	EndGlobalSection
	GlobalSection(ProjectConfigurationPlatforms) = postSolution
		{EF36E8B0-CAA6-44D3-B543-082AF2F8246D}.Debug|Any CPU.ActiveCfg = Debug|Any CPU
		{EF36E8B0-CAA6-44D3-B543-082AF2F8246D}.Debug|Any CPU.Build.0 = Debug|Any CPU
		{EF36E8B0-CAA6-44D3-B543-082AF2F8246D}.Release|Any CPU.ActiveCfg = Release|Any CPU
		{EF36E8B0-CAA6-44D3-B543-082AF2F8246D}.Release|Any CPU.Build.0 = Release|Any CPU
		{F9D4CA54-A6CC-4C0E-A064-FD3C5D2A17AF}.Debug|Any CPU.ActiveCfg = Debug|Any CPU
		{F9D4CA54-A6CC-4C0E-A064-FD3C5D2A17AF}.Debug|Any CPU.Build.0 = Debug|Any CPU
		{F9D4CA54-A6CC-4C0E-A064-FD3C5D2A17AF}.Release|Any CPU.ActiveCfg = Release|Any CPU
		{F9D4CA54-A6CC-4C0E-A064-FD3C5D2A17AF}.Release|Any CPU.Build.0 = Release|Any CPU
	EndGlobalSection
	GlobalSection(SolutionProperties) = preSolution
		HideSolutionNode = FALSE
	EndGlobalSection
	GlobalSection(ExtensibilityGlobals) = postSolution
		SolutionGuid = {35F6478B-FC79-4BFD-A979-E42600C6AB1B}
	EndGlobalSection
EndGlobal
